<Solution>
  <Folder Name="/src/">
    <Project Path="src/Engine/Engine.csproj" />
    <Project Path="src/Host/Host.csproj" />
    <Project Path="src/ShimGen/ShimGen.csproj" />
  </Folder>
  <Folder Name="/tests/">
    <Project Path="tests/Engine.Tests/Engine.Tests.csproj" />
  </Folder>
</Solution>
